Microsoft Visual Studio Solution File, Format Version 12.00
# Visual Studio 14
VisualStudioVersion = 14.0.25420.1
MinimumVisualStudioVersion = 10.0.40219.1
Project("{8BC9CEB8-8B4A-11D0-8D11-00A0C91BC942}") = "SCICompanionLib", "SCICompanionLib\SCICompanionLib.vcxproj", "{761DE01C-57F6-45C5-AAFC-AC48000C423F}"
	ProjectSection(ProjectDependencies) = postProject
		{89CFFC49-D858-481E-99C5-E312F7C1EA95} = {89CFFC49-D858-481E-99C5-E312F7C1EA95}
	EndProjectSection
EndProject
Project("{8BC9CEB8-8B4A-11D0-8D11-00A0C91BC942}") = "ProfUISLIB", "Prof-UIS.2.92\ProfUISLIB\ProfUISLIB_1000.vcxproj", "{89CFFC49-D858-481E-99C5-E312F7C1EA95}"
EndProject
Project("{8BC9CEB8-8B4A-11D0-8D11-00A0C91BC942}") = "SCICompanion", "SCICompanion\SCICompanion.vcxproj", "{6F805ECA-9DC8-42E0-A918-38A7315C7E8F}"
	ProjectSection(ProjectDependencies) = postProject
		{761DE01C-57F6-45C5-AAFC-AC48000C423F} = {761DE01C-57F6-45C5-AAFC-AC48000C423F}
		{89CFFC49-D858-481E-99C5-E312F7C1EA95} = {89CFFC49-D858-481E-99C5-E312F7C1EA95}
	EndProjectSection
EndProject
Project("{8BC9CEB8-8B4A-11D0-8D11-00A0C91BC942}") = "UnitTests", "UnitTests\UnitTests.vcxproj", "{00FF83C9-DD78-4F2C-BC94-8577D79B52CE}"
	ProjectSection(ProjectDependencies) = postProject
		{761DE01C-57F6-45C5-AAFC-AC48000C423F} = {761DE01C-57F6-45C5-AAFC-AC48000C423F}
		{89CFFC49-D858-481E-99C5-E312F7C1EA95} = {89CFFC49-D858-481E-99C5-E312F7C1EA95}
	EndProjectSection
EndProject
Global
	GlobalSection(SolutionConfigurationPlatforms) = preSolution
		Debug|Win32 = Debug|Win32
		Release|Win32 = Release|Win32
	EndGlobalSection
	GlobalSection(ProjectConfigurationPlatforms) = postSolution
		{761DE01C-57F6-45C5-AAFC-AC48000C423F}.Debug|Win32.ActiveCfg = Debug|Win32
		{761DE01C-57F6-45C5-AAFC-AC48000C423F}.Debug|Win32.Build.0 = Debug|Win32
		{761DE01C-57F6-45C5-AAFC-AC48000C423F}.Release|Win32.ActiveCfg = Release|Win32
		{761DE01C-57F6-45C5-AAFC-AC48000C423F}.Release|Win32.Build.0 = Release|Win32
		{89CFFC49-D858-481E-99C5-E312F7C1EA95}.Debug|Win32.ActiveCfg = Static MBCS Debug|Win32
		{89CFFC49-D858-481E-99C5-E312F7C1EA95}.Debug|Win32.Build.0 = Static MBCS Debug|Win32
		{89CFFC49-D858-481E-99C5-E312F7C1EA95}.Release|Win32.ActiveCfg = Static MBCS Release|Win32
		{89CFFC49-D858-481E-99C5-E312F7C1EA95}.Release|Win32.Build.0 = Static MBCS Release|Win32
		{6F805ECA-9DC8-42E0-A918-38A7315C7E8F}.Debug|Win32.ActiveCfg = Debug|Win32
		{6F805ECA-9DC8-42E0-A918-38A7315C7E8F}.Debug|Win32.Build.0 = Debug|Win32
		{6F805ECA-9DC8-42E0-A918-38A7315C7E8F}.Release|Win32.ActiveCfg = Release|Win32
		{6F805ECA-9DC8-42E0-A918-38A7315C7E8F}.Release|Win32.Build.0 = Release|Win32
		{00FF83C9-DD78-4F2C-BC94-8577D79B52CE}.Debug|Win32.ActiveCfg = Debug|Win32
		{00FF83C9-DD78-4F2C-BC94-8577D79B52CE}.Debug|Win32.Build.0 = Debug|Win32
		{00FF83C9-DD78-4F2C-BC94-8577D79B52CE}.Release|Win32.ActiveCfg = Release|Win32
		{00FF83C9-DD78-4F2C-BC94-8577D79B52CE}.Release|Win32.Build.0 = Release|Win32
	EndGlobalSection
	GlobalSection(SolutionProperties) = preSolution
		HideSolutionNode = FALSE
	EndGlobalSection
EndGlobal
