<?xml version="1.0" encoding="utf-8"?>
<Project ToolsVersion="4.0" xmlns="http://schemas.microsoft.com/developer/msbuild/2003">
  <ItemGroup>
    <Filter Include="Source Files\Cli">
      <UniqueIdentifier>{c7dc1682-04b8-4255-91e5-063a7d881a6e}</UniqueIdentifier>
    </Filter>
    <Filter Include="Source Files\Compile">
      <UniqueIdentifier>{9480afd2-fa88-459d-9537-63f1904211d7}</UniqueIdentifier>
    </Filter>
    <Filter Include="Source Files\Core">
      <UniqueIdentifier>{49658265-8332-4cd0-a0c6-5eb3e9176db8}</UniqueIdentifier>
    </Filter>
    <Filter Include="Source Files\CppFormat">
      <UniqueIdentifier>{f8841aba-4b88-4974-ba28-490576005f28}</UniqueIdentifier>
    </Filter>
    <Filter Include="Source Files\cpptoml">
      <UniqueIdentifier>{ae491ed0-f9c4-4fbe-8311-53ce2242000e}</UniqueIdentifier>
    </Filter>
    <Filter Include="Source Files\CRC32">
      <UniqueIdentifier>{852b604d-ac09-4708-8c4b-c2cf84db6f42}</UniqueIdentifier>
    </Filter>
    <Filter Include="Source Files\r8brain">
      <UniqueIdentifier>{0aee64c0-cd92-49a4-a356-e7ff3d62efa7}</UniqueIdentifier>
    </Filter>
    <Filter Include="Source Files\Resources">
      <UniqueIdentifier>{dac31b69-4303-42d3-a99b-5552bf22c675}</UniqueIdentifier>
    </Filter>
    <Filter Include="Source Files\Util">
      <UniqueIdentifier>{7285b7f6-7db8-41ae-9d5c-c1b1b2e20699}</UniqueIdentifier>
    </Filter>
  </ItemGroup>
  <ItemGroup>
    <ClCompile Include="stdafx.cpp" />
    <ClCompile Include="..\SCICompanionLib\Src\Cli\Cli.cpp">
      <Filter>Source Files\Cli</Filter>
    </ClCompile>
    <ClCompile Include="..\SCICompanionLib\Src\Cli\CliConsole.cpp">
      <Filter>Source Files\Cli</Filter>
    </ClCompile>
    <ClCompile Include="..\SCICompanionLib\Src\Cli\CliHost.cpp">
      <Filter>Source Files\Cli</Filter>
    </ClCompile>
    <ClCompile Include="..\SCICompanionLib\Src\Cli\CliDevCommands.cpp">
      <Filter>Source Files\Cli</Filter>
    </ClCompile>
    <ClCompile Include="..\SCICompanionLib\Src\Cli\CliScriptCommands.cpp">
      <Filter>Source Files\Cli</Filter>
    </ClCompile>
    <ClCompile Include="..\SCICompanionLib\Src\Cli\ExitCodes.cpp">
      <Filter>Source Files\Cli</Filter>
    </ClCompile>
    <ClCompile Include="..\SCICompanionLib\Src\Compile\AstRewrite.cpp">
      <Filter>Source Files\Compile</Filter>
    </ClCompile>
    <ClCompile Include="..\SCICompanionLib\Src\Compile\AutoDetectVariableNames.cpp">
      <Filter>Source Files\Compile</Filter>
    </ClCompile>
    <ClCompile Include="..\SCICompanionLib\Src\Compile\Compile.cpp">
      <Filter>Source Files\Compile</Filter>
    </ClCompile>
    <ClCompile Include="..\SCICompanionLib\Src\Compile\CompileBatch.cpp">
      <Filter>Source Files\Compile</Filter>
    </ClCompile>
    <ClCompile Include="..\SCICompanionLib\Src\Compile\CompileContext.cpp">
      <Filter>Source Files\Compile</Filter>
    </ClCompile>
    <ClCompile Include="..\SCICompanionLib\Src\Compile\CompiledScript.cpp">
      <Filter>Source Files\Compile</Filter>
    </ClCompile>
    <ClCompile Include="..\SCICompanionLib\Src\Compile\CompileScript.cpp">
      <Filter>Source Files\Compile</Filter>
    </ClCompile>
    <ClCompile Include="..\SCICompanionLib\Src\Compile\CompileWrite.cpp">
      <Filter>Source Files\Compile</Filter>
    </ClCompile>
    <ClCompile Include="..\SCICompanionLib\Src\Compile\ControlFlowGraph.cpp">
      <Filter>Source Files\Compile</Filter>
    </ClCompile>
    <ClCompile Include="..\SCICompanionLib\Src\Compile\ControlFlowGraphViz.cpp">
      <Filter>Source Files\Compile</Filter>
    </ClCompile>
    <ClCompile Include="..\SCICompanionLib\Src\Compile\ControlFlowNode.cpp">
      <Filter>Source Files\Compile</Filter>
    </ClCompile>
    <ClCompile Include="..\SCICompanionLib\Src\Compile\DecompileBatch.cpp">
      <Filter>Source Files\Compile</Filter>
    </ClCompile>
    <ClCompile Include="..\SCICompanionLib\Src\Compile\DecompilerAstPasses.cpp">
      <Filter>Source Files\Compile</Filter>
    </ClCompile>
    <ClCompile Include="..\SCICompanionLib\Src\Compile\DecompilerConfig.cpp">
      <Filter>Source Files\Compile</Filter>
    </ClCompile>
    <ClCompile Include="..\SCICompanionLib\Src\Compile\DecompilerCore.cpp">
      <Filter>Source Files\Compile</Filter>
    </ClCompile>
    <ClCompile Include="..\SCICompanionLib\Src\Compile\DecompilerFallback.cpp">
      <Filter>Source Files\Compile</Filter>
    </ClCompile>
    <ClCompile Include="..\SCICompanionLib\Src\Compile\DecompilerNew.cpp">
      <Filter>Source Files\Compile</Filter>
    </ClCompile>
    <ClCompile Include="..\SCICompanionLib\Src\Compile\DecompilerSpecialCases.cpp">
      <Filter>Source Files\Compile</Filter>
    </ClCompile>
    <ClCompile Include="..\SCICompanionLib\Src\Compile\DecompileEngine.cpp">
      <Filter>Source Files\Compile</Filter>
    </ClCompile>
    <ClCompile Include="..\SCICompanionLib\Src\Compile\DecompileRun.cpp">
      <Filter>Source Files\Compile</Filter>
    </ClCompile>
    <ClCompile Include="..\SCICompanionLib\Src\Compile\DecompileScript.cpp">
      <Filter>Source Files\Compile</Filter>
    </ClCompile>
    <ClCompile Include="..\SCICompanionLib\Src\Compile\DisassembleHelper.cpp">
      <Filter>Source Files\Compile</Filter>
    </ClCompile>
    <ClCompile Include="..\SCICompanionLib\Src\Compile\Disassembler.cpp">
      <Filter>Source Files\Compile</Filter>
    </ClCompile>
    <ClCompile Include="..\SCICompanionLib\Src\Compile\DocScript.cpp">
      <Filter>Source Files\Compile</Filter>
    </ClCompile>
    <ClCompile Include="..\SCICompanionLib\Src\Compile\Evaluate.cpp">
      <Filter>Source Files\Compile</Filter>
    </ClCompile>
    <ClCompile Include="..\SCICompanionLib\Src\Compile\GenerateScriptResource.cpp">
      <Filter>Source Files\Compile</Filter>
    </ClCompile>
    <ClCompile Include="..\SCICompanionLib\Src\Compile\OperatorTables.cpp">
      <Filter>Source Files\Compile</Filter>
    </ClCompile>
    <ClCompile Include="..\SCICompanionLib\Src\Compile\OutputCodeHelper.cpp">
      <Filter>Source Files\Compile</Filter>
    </ClCompile>
    <ClCompile Include="..\SCICompanionLib\Src\Compile\OutputScriptStrings.cpp">
      <Filter>Source Files\Compile</Filter>
    </ClCompile>
    <ClCompile Include="..\SCICompanionLib\Src\Compile\ParseAutoCompleteContext.cpp">
      <Filter>Source Files\Compile</Filter>
    </ClCompile>
    <ClCompile Include="..\SCICompanionLib\Src\Compile\ParserCommon.cpp">
      <Filter>Source Files\Compile</Filter>
    </ClCompile>
    <ClCompile Include="..\SCICompanionLib\Src\Compile\PMachine.cpp">
      <Filter>Source Files\Compile</Filter>
    </ClCompile>
    <ClCompile Include="..\SCICompanionLib\Src\Compile\scii.cpp">
      <Filter>Source Files\Compile</Filter>
    </ClCompile>
    <ClCompile Include="..\SCICompanionLib\Src\Compile\SCIKeywords.cpp">
      <Filter>Source Files\Compile</Filter>
    </ClCompile>
    <ClCompile Include="..\SCICompanionLib\Src\Compile\SCIProps.cpp">
      <Filter>Source Files\Compile</Filter>
    </ClCompile>
    <ClCompile Include="..\SCICompanionLib\Src\Compile\SCISourceCodeFormatter.cpp">
      <Filter>Source Files\Compile</Filter>
    </ClCompile>
    <ClCompile Include="..\SCICompanionLib\Src\Compile\SCISyntaxParser.cpp">
      <Filter>Source Files\Compile</Filter>
    </ClCompile>
    <ClCompile Include="..\SCICompanionLib\Src\Compile\SCO.cpp">
      <Filter>Source Files\Compile</Filter>
    </ClCompile>
    <ClCompile Include="..\SCICompanionLib\Src\Compile\ScriptMakerHelper.cpp">
      <Filter>Source Files\Compile</Filter>
    </ClCompile>
    <ClCompile Include="..\SCICompanionLib\Src\Compile\ScriptOM.cpp">
      <Filter>Source Files\Compile</Filter>
    </ClCompile>
    <ClCompile Include="..\SCICompanionLib\Src\Compile\ScriptOMTraverse.cpp">
      <Filter>Source Files\Compile</Filter>
    </ClCompile>
    <ClCompile Include="..\SCICompanionLib\Src\Compile\SourceCodeFormatter.cpp">
      <Filter>Source Files\Compile</Filter>
    </ClCompile>
    <ClCompile Include="..\SCICompanionLib\Src\Compile\SummarizeScript.cpp">
      <Filter>Source Files\Compile</Filter>
    </ClCompile>
    <ClCompile Include="..\SCICompanionLib\Src\Compile\SyntaxContext.cpp">
      <Filter>Source Files\Compile</Filter>
    </ClCompile>
    <ClCompile Include="..\SCICompanionLib\Src\Compile\StructuralCompare.cpp">
      <Filter>Source Files\Compile</Filter>
    </ClCompile>
    <ClCompile Include="..\SCICompanionLib\Src\Compile\ScopeParser.cpp">
      <Filter>Source Files\Compile</Filter>
    </ClCompile>
    <ClCompile Include="..\SCICompanionLib\Src\Compile\ScopeVerify.cpp">
      <Filter>Source Files\Compile</Filter>
    </ClCompile>
    <ClCompile Include="..\SCICompanionLib\Src\Compile\ScopeRegion.cpp">
      <Filter>Source Files\Compile</Filter>
    </ClCompile>
    <ClCompile Include="..\SCICompanionLib\Src\Compile\ScopeCode.cpp">
      <Filter>Source Files\Compile</Filter>
    </ClCompile>
    <ClCompile Include="..\SCICompanionLib\Src\Compile\ScopeValues.cpp">
      <Filter>Source Files\Compile</Filter>
    </ClCompile>
    <ClCompile Include="..\SCICompanionLib\Src\Compile\MeaningCheck.cpp">
      <Filter>Source Files\Compile</Filter>
    </ClCompile>
    <ClCompile Include="..\SCICompanionLib\Src\Compile\SyntaxParser.cpp">
      <Filter>Source Files\Compile</Filter>
    </ClCompile>
    <ClCompile Include="..\SCICompanionLib\Src\Compile\TarjanAlgorithm.cpp">
      <Filter>Source Files\Compile</Filter>
    </ClCompile>
    <ClCompile Include="..\SCICompanionLib\Src\Compile\Types.cpp">
      <Filter>Source Files\Compile</Filter>
    </ClCompile>
    <ClCompile Include="..\SCICompanionLib\Src\Compile\ValidateSaid.cpp">
      <Filter>Source Files\Compile</Filter>
    </ClCompile>
    <ClCompile Include="..\SCICompanionLib\Src\Core\CoreLog.cpp">
      <Filter>Source Files\Core</Filter>
    </ClCompile>
    <ClCompile Include="..\SCICompanionLib\Src\Core\CorePrompt.cpp">
      <Filter>Source Files\Core</Filter>
    </ClCompile>
    <ClCompile Include="..\SCICompanionLib\Src\Core\FileWrite.cpp">
      <Filter>Source Files\Core</Filter>
    </ClCompile>
    <ClCompile Include="..\SCICompanionLib\Src\Core\GameSession.cpp">
      <Filter>Source Files\Core</Filter>
    </ClCompile>
    <ClCompile Include="..\SCICompanionLib\Src\Core\Result.cpp">
      <Filter>Source Files\Core</Filter>
    </ClCompile>
    <ClCompile Include="..\SCICompanionLib\Src\CppFormat\format.cc">
      <Filter>Source Files\CppFormat</Filter>
    </ClCompile>
    <ClCompile Include="..\SCICompanionLib\Src\CRC32\crc.cpp">
      <Filter>Source Files\CRC32</Filter>
    </ClCompile>
    <ClCompile Include="..\SCICompanionLib\Src\r8brain\r8bbase.cpp">
      <Filter>Source Files\r8brain</Filter>
    </ClCompile>
    <ClCompile Include="..\SCICompanionLib\Src\Resources\Audio.cpp">
      <Filter>Source Files\Resources</Filter>
    </ClCompile>
    <ClCompile Include="..\SCICompanionLib\Src\Resources\AudioCacheResourceSource.cpp">
      <Filter>Source Files\Resources</Filter>
    </ClCompile>
    <ClCompile Include="..\SCICompanionLib\Src\Resources\AudioMap.cpp">
      <Filter>Source Files\Resources</Filter>
    </ClCompile>
    <ClCompile Include="..\SCICompanionLib\Src\Resources\AudioNegative.cpp">
      <Filter>Source Files\Resources</Filter>
    </ClCompile>
    <ClCompile Include="..\SCICompanionLib\Src\Resources\AudioResourceSource.cpp">
      <Filter>Source Files\Resources</Filter>
    </ClCompile>
    <ClCompile Include="..\SCICompanionLib\Src\Resources\Components.cpp">
      <Filter>Source Files\Resources</Filter>
    </ClCompile>
    <ClCompile Include="..\SCICompanionLib\Src\Resources\Cursor.cpp">
      <Filter>Source Files\Resources</Filter>
    </ClCompile>
    <ClCompile Include="..\SCICompanionLib\Src\Resources\Font.cpp">
      <Filter>Source Files\Resources</Filter>
    </ClCompile>
    <ClCompile Include="..\SCICompanionLib\Src\Resources\GameFolderHelper.cpp">
      <Filter>Source Files\Resources</Filter>
    </ClCompile>
    <ClCompile Include="..\SCICompanionLib\Src\Resources\Message.cpp">
      <Filter>Source Files\Resources</Filter>
    </ClCompile>
    <ClCompile Include="..\SCICompanionLib\Src\Resources\MessageHeaderFile.cpp">
      <Filter>Source Files\Resources</Filter>
    </ClCompile>
    <ClCompile Include="..\SCICompanionLib\Src\Resources\MessageSource.cpp">
      <Filter>Source Files\Resources</Filter>
    </ClCompile>
    <ClCompile Include="..\SCICompanionLib\Src\Resources\NounsAndCases.cpp">
      <Filter>Source Files\Resources</Filter>
    </ClCompile>
    <ClCompile Include="..\SCICompanionLib\Src\Resources\PaletteOperations.cpp">
      <Filter>Source Files\Resources</Filter>
    </ClCompile>
    <ClCompile Include="..\SCICompanionLib\Src\Resources\PatchResourceSource.cpp">
      <Filter>Source Files\Resources</Filter>
    </ClCompile>
    <ClCompile Include="..\SCICompanionLib\Src\Resources\Pic.cpp">
      <Filter>Source Files\Resources</Filter>
    </ClCompile>
    <ClCompile Include="..\SCICompanionLib\Src\Resources\PicColors.cpp">
      <Filter>Source Files\Resources</Filter>
    </ClCompile>
    <ClCompile Include="..\SCICompanionLib\Src\Resources\PicCommands.cpp">
      <Filter>Source Files\Resources</Filter>
    </ClCompile>
    <ClCompile Include="..\SCICompanionLib\Src\Resources\Polygon.cpp">
      <Filter>Source Files\Resources</Filter>
    </ClCompile>
    <ClCompile Include="..\SCICompanionLib\Src\Resources\RasterOperations.cpp">
      <Filter>Source Files\Resources</Filter>
    </ClCompile>
    <ClCompile Include="..\SCICompanionLib\Src\Resources\ResourceBlob.cpp">
      <Filter>Source Files\Resources</Filter>
    </ClCompile>
    <ClCompile Include="..\SCICompanionLib\Src\Resources\ResourceContainer.cpp">
      <Filter>Source Files\Resources</Filter>
    </ClCompile>
    <ClCompile Include="..\SCICompanionLib\Src\Resources\ResourceEntity.cpp">
      <Filter>Source Files\Resources</Filter>
    </ClCompile>
    <ClCompile Include="..\SCICompanionLib\Src\Resources\ResourceMap.cpp">
      <Filter>Source Files\Resources</Filter>
    </ClCompile>
    <ClCompile Include="..\SCICompanionLib\Src\Resources\ResourceMapOperations.cpp">
      <Filter>Source Files\Resources</Filter>
    </ClCompile>
    <ClCompile Include="..\SCICompanionLib\Src\Resources\ResourceRecency.cpp">
      <Filter>Source Files\Resources</Filter>
    </ClCompile>
    <ClCompile Include="..\SCICompanionLib\Src\Resources\ResourceSources.cpp">
      <Filter>Source Files\Resources</Filter>
    </ClCompile>
    <ClCompile Include="..\SCICompanionLib\Src\Resources\ResourceUtil.cpp">
      <Filter>Source Files\Resources</Filter>
    </ClCompile>
    <ClCompile Include="..\SCICompanionLib\Src\Resources\ScriptCatalog.cpp">
      <Filter>Source Files\Resources</Filter>
    </ClCompile>
    <ClCompile Include="..\SCICompanionLib\Src\Resources\ScriptNameMap.cpp">
      <Filter>Source Files\Resources</Filter>
    </ClCompile>
    <ClCompile Include="..\SCICompanionLib\Src\Resources\Sound.cpp">
      <Filter>Source Files\Resources</Filter>
    </ClCompile>
    <ClCompile Include="..\SCICompanionLib\Src\Resources\SoundOperations.cpp">
      <Filter>Source Files\Resources</Filter>
    </ClCompile>
    <ClCompile Include="..\SCICompanionLib\Src\Resources\Sync.cpp">
      <Filter>Source Files\Resources</Filter>
    </ClCompile>
    <ClCompile Include="..\SCICompanionLib\Src\Resources\Text.cpp">
      <Filter>Source Files\Resources</Filter>
    </ClCompile>
    <ClCompile Include="..\SCICompanionLib\Src\Resources\VersionDetectionHelper.cpp">
      <Filter>Source Files\Resources</Filter>
    </ClCompile>
    <ClCompile Include="..\SCICompanionLib\Src\Resources\View.cpp">
      <Filter>Source Files\Resources</Filter>
    </ClCompile>
    <ClCompile Include="..\SCICompanionLib\Src\Resources\Vocab000.cpp">
      <Filter>Source Files\Resources</Filter>
    </ClCompile>
    <ClCompile Include="..\SCICompanionLib\Src\Resources\Vocab99x.cpp">
      <Filter>Source Files\Resources</Filter>
    </ClCompile>
    <ClCompile Include="..\SCICompanionLib\Src\Util\Codec.cpp">
      <Filter>Source Files\Util</Filter>
    </ClCompile>
    <ClCompile Include="..\SCICompanionLib\Src\Util\CodecAlt.cpp">
      <Filter>Source Files\Util</Filter>
    </ClCompile>
    <ClCompile Include="..\SCICompanionLib\Src\Util\CodecDCL.cpp">
      <Filter>Source Files\Util</Filter>
    </ClCompile>
    <ClCompile Include="..\SCICompanionLib\Src\Util\CodecDecompressor.cpp">
      <Filter>Source Files\Util</Filter>
    </ClCompile>
    <ClCompile Include="..\SCICompanionLib\Src\Util\CodecSTAC.cpp">
      <Filter>Source Files\Util</Filter>
    </ClCompile>
    <ClCompile Include="..\SCICompanionLib\Src\Util\CrystalScriptStream.cpp">
      <Filter>Source Files\Util</Filter>
    </ClCompile>
    <ClCompile Include="..\SCICompanionLib\Src\Util\DependencyTracker.cpp">
      <Filter>Source Files\Util</Filter>
    </ClCompile>
    <ClCompile Include="..\SCICompanionLib\Src\Util\ImageData.cpp">
      <Filter>Source Files\Util</Filter>
    </ClCompile>
    <ClCompile Include="..\SCICompanionLib\Src\Util\PerfTimer.cpp">
      <Filter>Source Files\Util</Filter>
    </ClCompile>
    <ClCompile Include="..\SCICompanionLib\Src\Util\ScriptText.cpp">
      <Filter>Source Files\Util</Filter>
    </ClCompile>
    <ClCompile Include="..\SCICompanionLib\Src\Util\SoundUtil.cpp">
      <Filter>Source Files\Util</Filter>
    </ClCompile>
    <ClCompile Include="..\SCICompanionLib\Src\Util\Stream.cpp">
      <Filter>Source Files\Util</Filter>
    </ClCompile>
    <ClCompile Include="..\SCICompanionLib\Src\Util\TalkerToViewMap.cpp">
      <Filter>Source Files\Util</Filter>
    </ClCompile>
    <ClCompile Include="..\SCICompanionLib\Src\Util\util.cpp">
      <Filter>Source Files\Util</Filter>
    </ClCompile>
    <ClCompile Include="..\SCICompanionLib\Src\Util\Version.cpp">
      <Filter>Source Files\Util</Filter>
    </ClCompile>
  </ItemGroup>
  <ItemGroup>
    <ClInclude Include="stdafx.h" />
$include
    <ClInclude Include="..\SCICompanionLib\Src\Cli\Cli.h">
      <Filter>Source Files\Cli</Filter>
    </ClInclude>
    <ClInclude Include="..\SCICompanionLib\Src\Cli\CliCommands.h">
      <Filter>Source Files\Cli</Filter>
    </ClInclude>
    <ClInclude Include="..\SCICompanionLib\Src\Cli\CliConsole.h">
      <Filter>Source Files\Cli</Filter>
    </ClInclude>
    <ClInclude Include="..\SCICompanionLib\Src\Cli\CliHost.h">
      <Filter>Source Files\Cli</Filter>
    </ClInclude>
    <ClInclude Include="..\SCICompanionLib\Src\Cli\CliVersion.h">
      <Filter>Source Files\Cli</Filter>
    </ClInclude>
    <ClInclude Include="..\SCICompanionLib\Src\Cli\ExitCodes.h">
      <Filter>Source Files\Cli</Filter>
    </ClInclude>
    <ClInclude Include="..\SCICompanionLib\Src\Compile\AstRewrite.h">
      <Filter>Source Files\Compile</Filter>
    </ClInclude>
    <ClInclude Include="..\SCICompanionLib\Src\Compile\AutoCompleteSourceTypes.h">
      <Filter>Source Files\Compile</Filter>
    </ClInclude>
    <ClInclude Include="..\SCICompanionLib\Src\Compile\AutoDetectVariableNames.h">
      <Filter>Source Files\Compile</Filter>
    </ClInclude>
    <ClInclude Include="..\SCICompanionLib\Src\Compile\CodeInspector.h">
      <Filter>Source Files\Compile</Filter>
    </ClInclude>
    <ClInclude Include="..\SCICompanionLib\Src\Compile\CompileBatch.h">
      <Filter>Source Files\Compile</Filter>
    </ClInclude>
    <ClInclude Include="..\SCICompanionLib\Src\Compile\CompileCommon.h">
      <Filter>Source Files\Compile</Filter>
    </ClInclude>
    <ClInclude Include="..\SCICompanionLib\Src\Compile\CompileContext.h">
      <Filter>Source Files\Compile</Filter>
    </ClInclude>
    <ClInclude Include="..\SCICompanionLib\Src\Compile\CompiledScript.h">
      <Filter>Source Files\Compile</Filter>
    </ClInclude>
    <ClInclude Include="..\SCICompanionLib\Src\Compile\CompileInterfaces.h">
      <Filter>Source Files\Compile</Filter>
    </ClInclude>
    <ClInclude Include="..\SCICompanionLib\Src\Compile\CompileWrite.h">
      <Filter>Source Files\Compile</Filter>
    </ClInclude>
    <ClInclude Include="..\SCICompanionLib\Src\Compile\ControlFlowGraph.h">
      <Filter>Source Files\Compile</Filter>
    </ClInclude>
    <ClInclude Include="..\SCICompanionLib\Src\Compile\ControlFlowGraphViz.h">
      <Filter>Source Files\Compile</Filter>
    </ClInclude>
    <ClInclude Include="..\SCICompanionLib\Src\Compile\ControlFlowNode.h">
      <Filter>Source Files\Compile</Filter>
    </ClInclude>
    <ClInclude Include="..\SCICompanionLib\Src\Compile\DecompileBatch.h">
      <Filter>Source Files\Compile</Filter>
    </ClInclude>
    <ClInclude Include="..\SCICompanionLib\Src\Compile\DecompilerAstPasses.h">
      <Filter>Source Files\Compile</Filter>
    </ClInclude>
    <ClInclude Include="..\SCICompanionLib\Src\Compile\DecompilerConfig.h">
      <Filter>Source Files\Compile</Filter>
    </ClInclude>
    <ClInclude Include="..\SCICompanionLib\Src\Compile\DecompilerCore.h">
      <Filter>Source Files\Compile</Filter>
    </ClInclude>
    <ClInclude Include="..\SCICompanionLib\Src\Compile\DecompilerFallback.h">
      <Filter>Source Files\Compile</Filter>
    </ClInclude>
    <ClInclude Include="..\SCICompanionLib\Src\Compile\DecompilerNew.h">
      <Filter>Source Files\Compile</Filter>
    </ClInclude>
    <ClInclude Include="..\SCICompanionLib\Src\Compile\DecompilerResults.h">
      <Filter>Source Files\Compile</Filter>
    </ClInclude>
    <ClInclude Include="..\SCICompanionLib\Src\Compile\DecompileEngine.h">
      <Filter>Source Files\Compile</Filter>
    </ClInclude>
    <ClInclude Include="..\SCICompanionLib\Src\Compile\DecompileRun.h">
      <Filter>Source Files\Compile</Filter>
    </ClInclude>
    <ClInclude Include="..\SCICompanionLib\Src\Compile\DecompileScript.h">
      <Filter>Source Files\Compile</Filter>
    </ClInclude>
    <ClInclude Include="..\SCICompanionLib\Src\Compile\DisassembleHelper.h">
      <Filter>Source Files\Compile</Filter>
    </ClInclude>
    <ClInclude Include="..\SCICompanionLib\Src\Compile\Disassembler.h">
      <Filter>Source Files\Compile</Filter>
    </ClInclude>
    <ClInclude Include="..\SCICompanionLib\Src\Compile\DocScript.h">
      <Filter>Source Files\Compile</Filter>
    </ClInclude>
    <ClInclude Include="..\SCICompanionLib\Src\Compile\NodeTypes.h">
      <Filter>Source Files\Compile</Filter>
    </ClInclude>
    <ClInclude Include="..\SCICompanionLib\Src\Compile\Operators.h">
      <Filter>Source Files\Compile</Filter>
    </ClInclude>
    <ClInclude Include="..\SCICompanionLib\Src\Compile\OperatorTables.h">
      <Filter>Source Files\Compile</Filter>
    </ClInclude>
    <ClInclude Include="..\SCICompanionLib\Src\Compile\OutputCodeHelper.h">
      <Filter>Source Files\Compile</Filter>
    </ClInclude>
    <ClInclude Include="..\SCICompanionLib\Src\Compile\ParseAutoCompleteContext.h">
      <Filter>Source Files\Compile</Filter>
    </ClInclude>
    <ClInclude Include="..\SCICompanionLib\Src\Compile\ParserActions.h">
      <Filter>Source Files\Compile</Filter>
    </ClInclude>
    <ClInclude Include="..\SCICompanionLib\Src\Compile\ParserCommon.h">
      <Filter>Source Files\Compile</Filter>
    </ClInclude>
    <ClInclude Include="..\SCICompanionLib\Src\Compile\ParserPrimitives.h">
      <Filter>Source Files\Compile</Filter>
    </ClInclude>
    <ClInclude Include="..\SCICompanionLib\Src\Compile\PMachine.h">
      <Filter>Source Files\Compile</Filter>
    </ClInclude>
    <ClInclude Include="..\SCICompanionLib\Src\Compile\scii.h">
      <Filter>Source Files\Compile</Filter>
    </ClInclude>
    <ClInclude Include="..\SCICompanionLib\Src\Compile\SCIProps.h">
      <Filter>Source Files\Compile</Filter>
    </ClInclude>
    <ClInclude Include="..\SCICompanionLib\Src\Compile\SCISourceCodeFormatter.h">
      <Filter>Source Files\Compile</Filter>
    </ClInclude>
    <ClInclude Include="..\SCICompanionLib\Src\Compile\SCISyntaxParser.h">
      <Filter>Source Files\Compile</Filter>
    </ClInclude>
    <ClInclude Include="..\SCICompanionLib\Src\Compile\SCO.h">
      <Filter>Source Files\Compile</Filter>
    </ClInclude>
    <ClInclude Include="..\SCICompanionLib\Src\Compile\ScriptMakerHelper.h">
      <Filter>Source Files\Compile</Filter>
    </ClInclude>
    <ClInclude Include="..\SCICompanionLib\Src\Compile\ScriptOM.h">
      <Filter>Source Files\Compile</Filter>
    </ClInclude>
    <ClInclude Include="..\SCICompanionLib\Src\Compile\ScriptOMAll.h">
      <Filter>Source Files\Compile</Filter>
    </ClInclude>
    <ClInclude Include="..\SCICompanionLib\Src\Compile\ScriptOMInterfaces.h">
      <Filter>Source Files\Compile</Filter>
    </ClInclude>
    <ClInclude Include="..\SCICompanionLib\Src\Compile\ScriptOMSmall.h">
      <Filter>Source Files\Compile</Filter>
    </ClInclude>
    <ClInclude Include="..\SCICompanionLib\Src\Compile\SourceCodeFormatter.h">
      <Filter>Source Files\Compile</Filter>
    </ClInclude>
    <ClInclude Include="..\SCICompanionLib\Src\Compile\SummarizeScript.h">
      <Filter>Source Files\Compile</Filter>
    </ClInclude>
    <ClInclude Include="..\SCICompanionLib\Src\Compile\SyntaxContext.h">
      <Filter>Source Files\Compile</Filter>
    </ClInclude>
    <ClInclude Include="..\SCICompanionLib\Src\Compile\StructuralCompare.h">
      <Filter>Source Files\Compile</Filter>
    </ClInclude>
    <ClInclude Include="..\SCICompanionLib\Src\Compile\ScopeParser.h">
      <Filter>Source Files\Compile</Filter>
    </ClInclude>
    <ClInclude Include="..\SCICompanionLib\Src\Compile\ScopeVerify.h">
      <Filter>Source Files\Compile</Filter>
    </ClInclude>
    <ClInclude Include="..\SCICompanionLib\Src\Compile\ScopeRegion.h">
      <Filter>Source Files\Compile</Filter>
    </ClInclude>
    <ClInclude Include="..\SCICompanionLib\Src\Compile\ScopeCode.h">
      <Filter>Source Files\Compile</Filter>
    </ClInclude>
    <ClInclude Include="..\SCICompanionLib\Src\Compile\ScopeValues.h">
      <Filter>Source Files\Compile</Filter>
    </ClInclude>
    <ClInclude Include="..\SCICompanionLib\Src\Compile\MeaningCheck.h">
      <Filter>Source Files\Compile</Filter>
    </ClInclude>
    <ClInclude Include="..\SCICompanionLib\Src\Compile\ConsumptionNode.h">
      <Filter>Source Files\Compile</Filter>
    </ClInclude>
    <ClInclude Include="..\SCICompanionLib\Src\Compile\SyntaxParser.h">
      <Filter>Source Files\Compile</Filter>
    </ClInclude>
    <ClInclude Include="..\SCICompanionLib\Src\Compile\TarjanAlgorithm.h">
      <Filter>Source Files\Compile</Filter>
    </ClInclude>
    <ClInclude Include="..\SCICompanionLib\Src\Compile\Types.h">
      <Filter>Source Files\Compile</Filter>
    </ClInclude>
    <ClInclude Include="..\SCICompanionLib\Src\Compile\ValidateSaid.h">
      <Filter>Source Files\Compile</Filter>
    </ClInclude>
    <ClInclude Include="..\SCICompanionLib\Src\Core\ClassHints.h">
      <Filter>Source Files\Core</Filter>
    </ClInclude>
    <ClInclude Include="..\SCICompanionLib\Src\Core\CoreLog.h">
      <Filter>Source Files\Core</Filter>
    </ClInclude>
    <ClInclude Include="..\SCICompanionLib\Src\Core\CorePrompt.h">
      <Filter>Source Files\Core</Filter>
    </ClInclude>
    <ClInclude Include="..\SCICompanionLib\Src\Core\FileWrite.h">
      <Filter>Source Files\Core</Filter>
    </ClInclude>
    <ClInclude Include="..\SCICompanionLib\Src\Core\GameSession.h">
      <Filter>Source Files\Core</Filter>
    </ClInclude>
    <ClInclude Include="..\SCICompanionLib\Src\Core\Result.h">
      <Filter>Source Files\Core</Filter>
    </ClInclude>
    <ClInclude Include="..\SCICompanionLib\Src\CppFormat\format.h">
      <Filter>Source Files\CppFormat</Filter>
    </ClInclude>
    <ClInclude Include="..\SCICompanionLib\Src\cpptoml\cpptoml.h">
      <Filter>Source Files\cpptoml</Filter>
    </ClInclude>
    <ClInclude Include="..\SCICompanionLib\Src\CRC32\crc.h">
      <Filter>Source Files\CRC32</Filter>
    </ClInclude>
    <ClInclude Include="..\SCICompanionLib\Src\r8brain\CDSPBlockConvolver.h">
      <Filter>Source Files\r8brain</Filter>
    </ClInclude>
    <ClInclude Include="..\SCICompanionLib\Src\r8brain\CDSPFIRFilter.h">
      <Filter>Source Files\r8brain</Filter>
    </ClInclude>
    <ClInclude Include="..\SCICompanionLib\Src\r8brain\CDSPFracInterpolator.h">
      <Filter>Source Files\r8brain</Filter>
    </ClInclude>
    <ClInclude Include="..\SCICompanionLib\Src\r8brain\CDSPProcessor.h">
      <Filter>Source Files\r8brain</Filter>
    </ClInclude>
    <ClInclude Include="..\SCICompanionLib\Src\r8brain\CDSPRealFFT.h">
      <Filter>Source Files\r8brain</Filter>
    </ClInclude>
    <ClInclude Include="..\SCICompanionLib\Src\r8brain\CDSPResampler.h">
      <Filter>Source Files\r8brain</Filter>
    </ClInclude>
    <ClInclude Include="..\SCICompanionLib\Src\r8brain\CDSPSincFilterGen.h">
      <Filter>Source Files\r8brain</Filter>
    </ClInclude>
    <ClInclude Include="..\SCICompanionLib\Src\r8brain\fft4g.h">
      <Filter>Source Files\r8brain</Filter>
    </ClInclude>
    <ClInclude Include="..\SCICompanionLib\Src\r8brain\r8bbase.h">
      <Filter>Source Files\r8brain</Filter>
    </ClInclude>
    <ClInclude Include="..\SCICompanionLib\Src\r8brain\r8bconf.h">
      <Filter>Source Files\r8brain</Filter>
    </ClInclude>
    <ClInclude Include="..\SCICompanionLib\Src\Resources\Audio.h">
      <Filter>Source Files\Resources</Filter>
    </ClInclude>
    <ClInclude Include="..\SCICompanionLib\Src\Resources\AudioCacheResourceSource.h">
      <Filter>Source Files\Resources</Filter>
    </ClInclude>
    <ClInclude Include="..\SCICompanionLib\Src\Resources\AudioMap.h">
      <Filter>Source Files\Resources</Filter>
    </ClInclude>
    <ClInclude Include="..\SCICompanionLib\Src\Resources\AudioNegative.h">
      <Filter>Source Files\Resources</Filter>
    </ClInclude>
    <ClInclude Include="..\SCICompanionLib\Src\Resources\AudioResourceSource.h">
      <Filter>Source Files\Resources</Filter>
    </ClInclude>
    <ClInclude Include="..\SCICompanionLib\Src\Resources\Components.h">
      <Filter>Source Files\Resources</Filter>
    </ClInclude>
    <ClInclude Include="..\SCICompanionLib\Src\Resources\Cursor.h">
      <Filter>Source Files\Resources</Filter>
    </ClInclude>
    <ClInclude Include="..\SCICompanionLib\Src\Resources\DrawPixelCallback.h">
      <Filter>Source Files\Resources</Filter>
    </ClInclude>
    <ClInclude Include="..\SCICompanionLib\Src\Resources\Font.h">
      <Filter>Source Files\Resources</Filter>
    </ClInclude>
    <ClInclude Include="..\SCICompanionLib\Src\Resources\GameFolderHelper.h">
      <Filter>Source Files\Resources</Filter>
    </ClInclude>
    <ClInclude Include="..\SCICompanionLib\Src\Resources\Message.h">
      <Filter>Source Files\Resources</Filter>
    </ClInclude>
    <ClInclude Include="..\SCICompanionLib\Src\Resources\MessageHeaderFile.h">
      <Filter>Source Files\Resources</Filter>
    </ClInclude>
    <ClInclude Include="..\SCICompanionLib\Src\Resources\MessageSource.h">
      <Filter>Source Files\Resources</Filter>
    </ClInclude>
    <ClInclude Include="..\SCICompanionLib\Src\Resources\NounsAndCases.h">
      <Filter>Source Files\Resources</Filter>
    </ClInclude>
    <ClInclude Include="..\SCICompanionLib\Src\Resources\PaletteOperations.h">
      <Filter>Source Files\Resources</Filter>
    </ClInclude>
    <ClInclude Include="..\SCICompanionLib\Src\Resources\PatchResourceSource.h">
      <Filter>Source Files\Resources</Filter>
    </ClInclude>
    <ClInclude Include="..\SCICompanionLib\Src\Resources\Pic.h">
      <Filter>Source Files\Resources</Filter>
    </ClInclude>
    <ClInclude Include="..\SCICompanionLib\Src\Resources\PicCommands.h">
      <Filter>Source Files\Resources</Filter>
    </ClInclude>
    <ClInclude Include="..\SCICompanionLib\Src\Resources\PicCommandsCommon.h">
      <Filter>Source Files\Resources</Filter>
    </ClInclude>
    <ClInclude Include="..\SCICompanionLib\Src\Resources\PicOperations.h">
      <Filter>Source Files\Resources</Filter>
    </ClInclude>
    <ClInclude Include="..\SCICompanionLib\Src\Resources\Polygon.h">
      <Filter>Source Files\Resources</Filter>
    </ClInclude>
    <ClInclude Include="..\SCICompanionLib\Src\Resources\RasterOperations.h">
      <Filter>Source Files\Resources</Filter>
    </ClInclude>
    <ClInclude Include="..\SCICompanionLib\Src\Resources\ResourceBlob.h">
      <Filter>Source Files\Resources</Filter>
    </ClInclude>
    <ClInclude Include="..\SCICompanionLib\Src\Resources\ResourceContainer.h">
      <Filter>Source Files\Resources</Filter>
    </ClInclude>
    <ClInclude Include="..\SCICompanionLib\Src\Resources\ResourceEntity.h">
      <Filter>Source Files\Resources</Filter>
    </ClInclude>
    <ClInclude Include="..\SCICompanionLib\Src\Resources\ResourceMap.h">
      <Filter>Source Files\Resources</Filter>
    </ClInclude>
    <ClInclude Include="..\SCICompanionLib\Src\Resources\ResourceMapEvents.h">
      <Filter>Source Files\Resources</Filter>
    </ClInclude>
    <ClInclude Include="..\SCICompanionLib\Src\Resources\ResourceMapOperations.h">
      <Filter>Source Files\Resources</Filter>
    </ClInclude>
    <ClInclude Include="..\SCICompanionLib\Src\Resources\ResourceRecency.h">
      <Filter>Source Files\Resources</Filter>
    </ClInclude>
    <ClInclude Include="..\SCICompanionLib\Src\Resources\ResourceSourceFlags.h">
      <Filter>Source Files\Resources</Filter>
    </ClInclude>
    <ClInclude Include="..\SCICompanionLib\Src\Resources\ResourceSources.h">
      <Filter>Source Files\Resources</Filter>
    </ClInclude>
    <ClInclude Include="..\SCICompanionLib\Src\Resources\ResourceUtil.h">
      <Filter>Source Files\Resources</Filter>
    </ClInclude>
    <ClInclude Include="..\SCICompanionLib\Src\Resources\ScriptCatalog.h">
      <Filter>Source Files\Resources</Filter>
    </ClInclude>
    <ClInclude Include="..\SCICompanionLib\Src\Resources\ScriptNameMap.h">
      <Filter>Source Files\Resources</Filter>
    </ClInclude>
    <ClInclude Include="..\SCICompanionLib\Src\Resources\Sound.h">
      <Filter>Source Files\Resources</Filter>
    </ClInclude>
    <ClInclude Include="..\SCICompanionLib\Src\Resources\SoundOperations.h">
      <Filter>Source Files\Resources</Filter>
    </ClInclude>
    <ClInclude Include="..\SCICompanionLib\Src\Resources\Sync.h">
      <Filter>Source Files\Resources</Filter>
    </ClInclude>
    <ClInclude Include="..\SCICompanionLib\Src\Resources\Text.h">
      <Filter>Source Files\Resources</Filter>
    </ClInclude>
    <ClInclude Include="..\SCICompanionLib\Src\Resources\VersionDetectionHelper.h">
      <Filter>Source Files\Resources</Filter>
    </ClInclude>
    <ClInclude Include="..\SCICompanionLib\Src\Resources\View.h">
      <Filter>Source Files\Resources</Filter>
    </ClInclude>
    <ClInclude Include="..\SCICompanionLib\Src\Resources\Vocab000.h">
      <Filter>Source Files\Resources</Filter>
    </ClInclude>
    <ClInclude Include="..\SCICompanionLib\Src\Resources\Vocab99x.h">
      <Filter>Source Files\Resources</Filter>
    </ClInclude>
    <ClInclude Include="..\SCICompanionLib\Src\Util\AudioProcessingSettings.h">
      <Filter>Source Files\Util</Filter>
    </ClInclude>
    <ClInclude Include="..\SCICompanionLib\Src\Util\Codec.h">
      <Filter>Source Files\Util</Filter>
    </ClInclude>
    <ClInclude Include="..\SCICompanionLib\Src\Util\CodecAlt.h">
      <Filter>Source Files\Util</Filter>
    </ClInclude>
    <ClInclude Include="..\SCICompanionLib\Src\Util\CodecDecompressor.h">
      <Filter>Source Files\Util</Filter>
    </ClInclude>
    <ClInclude Include="..\SCICompanionLib\Src\Util\CrystalScriptStream.h">
      <Filter>Source Files\Util</Filter>
    </ClInclude>
    <ClInclude Include="..\SCICompanionLib\Src\Util\DependencyTracker.h">
      <Filter>Source Files\Util</Filter>
    </ClInclude>
    <ClInclude Include="..\SCICompanionLib\Src\Util\ImageData.h">
      <Filter>Source Files\Util</Filter>
    </ClInclude>
    <ClInclude Include="..\SCICompanionLib\Src\Util\interfaces.h">
      <Filter>Source Files\Util</Filter>
    </ClInclude>
    <ClInclude Include="..\SCICompanionLib\Src\Util\MemoryDC.h">
      <Filter>Source Files\Util</Filter>
    </ClInclude>
    <ClInclude Include="..\SCICompanionLib\Src\Util\PerfTimer.h">
      <Filter>Source Files\Util</Filter>
    </ClInclude>
    <ClInclude Include="..\SCICompanionLib\Src\Util\sci.h">
      <Filter>Source Files\Util</Filter>
    </ClInclude>
    <ClInclude Include="..\SCICompanionLib\Src\Util\ScriptText.h">
      <Filter>Source Files\Util</Filter>
    </ClInclude>
    <ClInclude Include="..\SCICompanionLib\Src\Util\SortedVector.h">
      <Filter>Source Files\Util</Filter>
    </ClInclude>
    <ClInclude Include="..\SCICompanionLib\Src\Util\SoundUtil.h">
      <Filter>Source Files\Util</Filter>
    </ClInclude>
    <ClInclude Include="..\SCICompanionLib\Src\Util\StlUtil.h">
      <Filter>Source Files\Util</Filter>
    </ClInclude>
    <ClInclude Include="..\SCICompanionLib\Src\Util\Stream.h">
      <Filter>Source Files\Util</Filter>
    </ClInclude>
    <ClInclude Include="..\SCICompanionLib\Src\Util\StringUtil.h">
      <Filter>Source Files\Util</Filter>
    </ClInclude>
    <ClInclude Include="..\SCICompanionLib\Src\Util\TalkerToViewMap.h">
      <Filter>Source Files\Util</Filter>
    </ClInclude>
    <ClInclude Include="..\SCICompanionLib\Src\Util\Version.h">
      <Filter>Source Files\Util</Filter>
    </ClInclude>
  </ItemGroup>
</Project>
